
Microsoft Visual Studio Solution File, Format Version 12.00
# Visual Studio Version 16
VisualStudioVersion = 16.0.29905.134
MinimumVisualStudioVersion = 10.0.40219.1
Project("{9A19103F-16F7-4668-BE54-9A1E7A4F7556}") = "Course_1_TCPView", "Course_1_TCPView\Course_1_TCPView.csproj", "{E9ED1557-B46B-464C-863E-7A4384F7AEED}"
EndProject
Project("{9A19103F-16F7-4668-BE54-9A1E7A4F7556}") = "Course_2_InLesson_Exercise_1_TCP_Client", "Course_2_InLesson_Exercise_1_TCP_Client\Course_2_InLesson_Exercise_1_TCP_Client.csproj", "{B8094D58-418A-4865-A1D5-698B0A439334}"
EndProject
Project("{9A19103F-16F7-4668-BE54-9A1E7A4F7556}") = "Course_2_InLesson_Exercise_2_Non_Blocking_UDP_Server", "Course_2_InLesson_Exercise_2_Non_Blocking_UDP_Server\Course_2_InLesson_Exercise_2_Non_Blocking_UDP_Server.csproj", "{BB2D9855-EB6F-446D-B880-867BE3551AF5}"
EndProject
Project("{9A19103F-16F7-4668-BE54-9A1E7A4F7556}") = "Course_2_InLesson_Exercise_2_Non_Blocking_UDP_Client", "Course_2_InLesson_Exercise_2_Non_Blocking_UDP_Client\Course_2_InLesson_Exercise_2_Non_Blocking_UDP_Client.csproj", "{63422B0C-F60F-43E3-8538-07D29FAADA65}"
EndProject
Project("{9A19103F-16F7-4668-BE54-9A1E7A4F7556}") = "Course_2_InLesson_Exercise_1_TCP_Server", "Course_2_InLesson_Exercise_1_TCP_Server\Course_2_InLesson_Exercise_1_TCP_Server.csproj", "{F45437DD-430E-4A80-A1D1-7FBE49A01DEA}"
EndProject
Project("{9A19103F-16F7-4668-BE54-9A1E7A4F7556}") = "Course_2_Tic_Tac_Toe_Host", "Course_2_Tic_Tac_Toe_Host\Course_2_Tic_Tac_Toe_Host.csproj", "{BF7B4E95-9ACE-477C-8315-EB1F190A46DC}"
EndProject
Project("{9A19103F-16F7-4668-BE54-9A1E7A4F7556}") = "Course_2_Tic_Tac_Toe_Client", "Course_2_Tic_Tac_Toe_Client\Course_2_Tic_Tac_Toe_Client.csproj", "{6F87CD1C-C36E-4C38-9AFF-C6850B5CA90C}"
EndProject
Project("{2150E333-8FDC-42A3-9474-1A3956D46DE8}") = "Solution Items", "Solution Items", "{A6657BAD-6479-4C7C-BFC0-12734D191A42}"
	ProjectSection(SolutionItems) = preProject
		.editorconfig = .editorconfig
	EndProjectSection
EndProject
Project("{9A19103F-16F7-4668-BE54-9A1E7A4F7556}") = "Course_3_Exercise_1_HTTP_Server", "Course_3_Exercise_1_HTTP_Server\Course_3_Exercise_1_HTTP_Server.csproj", "{EFB8E7AD-A095-41BA-9287-7AAA4E0854B0}"
EndProject
Project("{9A19103F-16F7-4668-BE54-9A1E7A4F7556}") = "Course_4_InLesson_Exercise_1_LDAP", "Course_4_InLesson_Exercise_1_LDAP\Course_4_InLesson_Exercise_1_LDAP.csproj", "{D8CF4DED-160D-47AB-A94A-3B8D9470C4C5}"
EndProject
Project("{9A19103F-16F7-4668-BE54-9A1E7A4F7556}") = "Course_4_InLesson_Exercise_2_IMAP", "Course_4_InLesson_Exercise_2_IMAP\Course_4_InLesson_Exercise_2_IMAP.csproj", "{04E02D63-1B0D-4FCF-B286-AEE91AD6CFAC}"
EndProject
Project("{FAE04EC0-301F-11D3-BF4B-00C04F79EFBC}") = "Course_4_InLesson_Exercise_3_SMTP", "Course_4_InLesson_Exercise_3_SMTP\Course_4_InLesson_Exercise_3_SMTP.csproj", "{BC898707-CAEE-4F1F-9C33-9A831872A184}"
EndProject
Global
	GlobalSection(SolutionConfigurationPlatforms) = preSolution
		Debug|Any CPU = Debug|Any CPU
		Release|Any CPU = Release|Any CPU
	EndGlobalSection
	GlobalSection(ProjectConfigurationPlatforms) = postSolution
		{E9ED1557-B46B-464C-863E-7A4384F7AEED}.Debug|Any CPU.ActiveCfg = Debug|Any CPU
		{E9ED1557-B46B-464C-863E-7A4384F7AEED}.Debug|Any CPU.Build.0 = Debug|Any CPU
		{E9ED1557-B46B-464C-863E-7A4384F7AEED}.Release|Any CPU.ActiveCfg = Release|Any CPU
		{E9ED1557-B46B-464C-863E-7A4384F7AEED}.Release|Any CPU.Build.0 = Release|Any CPU
		{B8094D58-418A-4865-A1D5-698B0A439334}.Debug|Any CPU.ActiveCfg = Debug|Any CPU
		{B8094D58-418A-4865-A1D5-698B0A439334}.Debug|Any CPU.Build.0 = Debug|Any CPU
		{B8094D58-418A-4865-A1D5-698B0A439334}.Release|Any CPU.ActiveCfg = Release|Any CPU
		{B8094D58-418A-4865-A1D5-698B0A439334}.Release|Any CPU.Build.0 = Release|Any CPU
		{BB2D9855-EB6F-446D-B880-867BE3551AF5}.Debug|Any CPU.ActiveCfg = Debug|Any CPU
		{BB2D9855-EB6F-446D-B880-867BE3551AF5}.Debug|Any CPU.Build.0 = Debug|Any CPU
		{BB2D9855-EB6F-446D-B880-867BE3551AF5}.Release|Any CPU.ActiveCfg = Release|Any CPU
		{BB2D9855-EB6F-446D-B880-867BE3551AF5}.Release|Any CPU.Build.0 = Release|Any CPU
		{63422B0C-F60F-43E3-8538-07D29FAADA65}.Debug|Any CPU.ActiveCfg = Debug|Any CPU
		{63422B0C-F60F-43E3-8538-07D29FAADA65}.Debug|Any CPU.Build.0 = Debug|Any CPU
		{63422B0C-F60F-43E3-8538-07D29FAADA65}.Release|Any CPU.ActiveCfg = Release|Any CPU
		{63422B0C-F60F-43E3-8538-07D29FAADA65}.Release|Any CPU.Build.0 = Release|Any CPU
		{F45437DD-430E-4A80-A1D1-7FBE49A01DEA}.Debug|Any CPU.ActiveCfg = Debug|Any CPU
		{F45437DD-430E-4A80-A1D1-7FBE49A01DEA}.Debug|Any CPU.Build.0 = Debug|Any CPU
		{F45437DD-430E-4A80-A1D1-7FBE49A01DEA}.Release|Any CPU.ActiveCfg = Release|Any CPU
		{F45437DD-430E-4A80-A1D1-7FBE49A01DEA}.Release|Any CPU.Build.0 = Release|Any CPU
		{BF7B4E95-9ACE-477C-8315-EB1F190A46DC}.Debug|Any CPU.ActiveCfg = Debug|Any CPU
		{BF7B4E95-9ACE-477C-8315-EB1F190A46DC}.Debug|Any CPU.Build.0 = Debug|Any CPU
		{BF7B4E95-9ACE-477C-8315-EB1F190A46DC}.Release|Any CPU.ActiveCfg = Release|Any CPU
		{BF7B4E95-9ACE-477C-8315-EB1F190A46DC}.Release|Any CPU.Build.0 = Release|Any CPU
		{6F87CD1C-C36E-4C38-9AFF-C6850B5CA90C}.Debug|Any CPU.ActiveCfg = Debug|Any CPU
		{6F87CD1C-C36E-4C38-9AFF-C6850B5CA90C}.Debug|Any CPU.Build.0 = Debug|Any CPU
		{6F87CD1C-C36E-4C38-9AFF-C6850B5CA90C}.Release|Any CPU.ActiveCfg = Release|Any CPU
		{6F87CD1C-C36E-4C38-9AFF-C6850B5CA90C}.Release|Any CPU.Build.0 = Release|Any CPU
		{EFB8E7AD-A095-41BA-9287-7AAA4E0854B0}.Debug|Any CPU.ActiveCfg = Debug|Any CPU
		{EFB8E7AD-A095-41BA-9287-7AAA4E0854B0}.Debug|Any CPU.Build.0 = Debug|Any CPU
		{EFB8E7AD-A095-41BA-9287-7AAA4E0854B0}.Release|Any CPU.ActiveCfg = Release|Any CPU
		{EFB8E7AD-A095-41BA-9287-7AAA4E0854B0}.Release|Any CPU.Build.0 = Release|Any CPU
		{D8CF4DED-160D-47AB-A94A-3B8D9470C4C5}.Debug|Any CPU.ActiveCfg = Debug|Any CPU
		{D8CF4DED-160D-47AB-A94A-3B8D9470C4C5}.Debug|Any CPU.Build.0 = Debug|Any CPU
		{D8CF4DED-160D-47AB-A94A-3B8D9470C4C5}.Release|Any CPU.ActiveCfg = Release|Any CPU
		{D8CF4DED-160D-47AB-A94A-3B8D9470C4C5}.Release|Any CPU.Build.0 = Release|Any CPU
		{04E02D63-1B0D-4FCF-B286-AEE91AD6CFAC}.Debug|Any CPU.ActiveCfg = Debug|Any CPU
		{04E02D63-1B0D-4FCF-B286-AEE91AD6CFAC}.Debug|Any CPU.Build.0 = Debug|Any CPU
		{04E02D63-1B0D-4FCF-B286-AEE91AD6CFAC}.Release|Any CPU.ActiveCfg = Release|Any CPU
		{04E02D63-1B0D-4FCF-B286-AEE91AD6CFAC}.Release|Any CPU.Build.0 = Release|Any CPU
		{BC898707-CAEE-4F1F-9C33-9A831872A184}.Debug|Any CPU.ActiveCfg = Debug|Any CPU
		{BC898707-CAEE-4F1F-9C33-9A831872A184}.Debug|Any CPU.Build.0 = Debug|Any CPU
		{BC898707-CAEE-4F1F-9C33-9A831872A184}.Release|Any CPU.ActiveCfg = Release|Any CPU
		{BC898707-CAEE-4F1F-9C33-9A831872A184}.Release|Any CPU.Build.0 = Release|Any CPU
	EndGlobalSection
	GlobalSection(SolutionProperties) = preSolution
		HideSolutionNode = FALSE
	EndGlobalSection
	GlobalSection(ExtensibilityGlobals) = postSolution
		SolutionGuid = {DF676542-0B15-4065-8E3A-D191A9FC73A3}
	EndGlobalSection
EndGlobal
